
Microsoft Visual Studio Solution File, Format Version 12.00
# Visual Studio Version 16
VisualStudioVersion = 16.0.31129.286
MinimumVisualStudioVersion = 10.0.40219.1
Project("{9A19103F-16F7-4668-BE54-9A1E7A4F7556}") = "CarRentApp.API", "CarRentApp.API\CarRentApp.API.csproj", "{7968AC8A-D4E8-4740-8B30-750ABC47CA93}"
EndProject
Project("{9A19103F-16F7-4668-BE54-9A1E7A4F7556}") = "CarRentApp.Domain", "CarRentApp.Domain\CarRentApp.Domain.csproj", "{C9769C3E-9944-439A-8303-30DA1C7C3378}"
EndProject
Project("{9A19103F-16F7-4668-BE54-9A1E7A4F7556}") = "CarRentApp.Domain.EFMapping", "CarRentApp.Domain.EFMapping\CarRentApp.Domain.EFMapping.csproj", "{A0DF1119-955A-4A06-A817-98AE980115AE}"
EndProject
Project("{FAE04EC0-301F-11D3-BF4B-00C04F79EFBC}") = "CarRentApp.Test", "CarRentApp.Test\CarRentApp.Test.csproj", "{7C4C9A4E-BF5D-4201-ACBE-A090152C4882}"
EndProject
Global
	GlobalSection(SolutionConfigurationPlatforms) = preSolution
		Debug|Any CPU = Debug|Any CPU
		Release|Any CPU = Release|Any CPU
	EndGlobalSection
	GlobalSection(ProjectConfigurationPlatforms) = postSolution
		{7968AC8A-D4E8-4740-8B30-750ABC47CA93}.Debug|Any CPU.ActiveCfg = Debug|Any CPU
		{7968AC8A-D4E8-4740-8B30-750ABC47CA93}.Debug|Any CPU.Build.0 = Debug|Any CPU
		{7968AC8A-D4E8-4740-8B30-750ABC47CA93}.Release|Any CPU.ActiveCfg = Release|Any CPU
		{7968AC8A-D4E8-4740-8B30-750ABC47CA93}.Release|Any CPU.Build.0 = Release|Any CPU
		{C9769C3E-9944-439A-8303-30DA1C7C3378}.Debug|Any CPU.ActiveCfg = Debug|Any CPU
		{C9769C3E-9944-439A-8303-30DA1C7C3378}.Debug|Any CPU.Build.0 = Debug|Any CPU
		{C9769C3E-9944-439A-8303-30DA1C7C3378}.Release|Any CPU.ActiveCfg = Release|Any CPU
		{C9769C3E-9944-439A-8303-30DA1C7C3378}.Release|Any CPU.Build.0 = Release|Any CPU
		{A0DF1119-955A-4A06-A817-98AE980115AE}.Debug|Any CPU.ActiveCfg = Debug|Any CPU
		{A0DF1119-955A-4A06-A817-98AE980115AE}.Debug|Any CPU.Build.0 = Debug|Any CPU
		{A0DF1119-955A-4A06-A817-98AE980115AE}.Release|Any CPU.ActiveCfg = Release|Any CPU
		{A0DF1119-955A-4A06-A817-98AE980115AE}.Release|Any CPU.Build.0 = Release|Any CPU
		{7C4C9A4E-BF5D-4201-ACBE-A090152C4882}.Debug|Any CPU.ActiveCfg = Debug|Any CPU
		{7C4C9A4E-BF5D-4201-ACBE-A090152C4882}.Debug|Any CPU.Build.0 = Debug|Any CPU
		{7C4C9A4E-BF5D-4201-ACBE-A090152C4882}.Release|Any CPU.ActiveCfg = Release|Any CPU
		{7C4C9A4E-BF5D-4201-ACBE-A090152C4882}.Release|Any CPU.Build.0 = Release|Any CPU
	EndGlobalSection
	GlobalSection(SolutionProperties) = preSolution
		HideSolutionNode = FALSE
	EndGlobalSection
	GlobalSection(ExtensibilityGlobals) = postSolution
		SolutionGuid = {40F88A8E-F9E6-4171-8ED1-FC686AC84144}
	EndGlobalSection
EndGlobal
